
Microsoft Visual Studio Solution File, Format Version 12.00
# Visual Studio Version 16
VisualStudioVersion = 16.0.29806.167
MinimumVisualStudioVersion = 10.0.40219.1
Project("{FAE04EC0-301F-11D3-BF4B-00C04F79EFBC}") = "HelpDeskAPI", "HelpDeskAPI\HelpDeskAPI.csproj", "{883A79EB-CA8F-42FD-9263-648FFBE77CB2}"
EndProject
Project("{FAE04EC0-301F-11D3-BF4B-00C04F79EFBC}") = "HelpDeskBAL", "HelpDeskBAL\HelpDeskBAL.csproj", "{775503CF-E729-4DF6-9B8D-F00EC8A814A9}"
EndProject
Project("{FAE04EC0-301F-11D3-BF4B-00C04F79EFBC}") = "HelpDeskDAL", "HelpDeskDAL\HelpDeskDAL.csproj", "{08CA5BC6-B8BF-4758-8E91-DC44B1F204A7}"
EndProject
Project("{FAE04EC0-301F-11D3-BF4B-00C04F79EFBC}") = "HelpDeskUtility", "HelpDeskUtility\HelpDeskUtility.csproj", "{68703370-6354-4FE8-8BA0-44026CE133D2}"
EndProject
Project("{FAE04EC0-301F-11D3-BF4B-00C04F79EFBC}") = "HelpDeskDTO", "HelpDeskDTO\HelpDeskDTO.csproj", "{CE699A99-1FB4-4593-B479-83BA63CAF078}"
EndProject
Global
	GlobalSection(SolutionConfigurationPlatforms) = preSolution
		Debug|Any CPU = Debug|Any CPU
		Release|Any CPU = Release|Any CPU
	EndGlobalSection
	GlobalSection(ProjectConfigurationPlatforms) = postSolution
		{883A79EB-CA8F-42FD-9263-648FFBE77CB2}.Debug|Any CPU.ActiveCfg = Debug|Any CPU
		{883A79EB-CA8F-42FD-9263-648FFBE77CB2}.Debug|Any CPU.Build.0 = Debug|Any CPU
		{883A79EB-CA8F-42FD-9263-648FFBE77CB2}.Release|Any CPU.ActiveCfg = Release|Any CPU
		{883A79EB-CA8F-42FD-9263-648FFBE77CB2}.Release|Any CPU.Build.0 = Release|Any CPU
		{775503CF-E729-4DF6-9B8D-F00EC8A814A9}.Debug|Any CPU.ActiveCfg = Debug|Any CPU
		{775503CF-E729-4DF6-9B8D-F00EC8A814A9}.Debug|Any CPU.Build.0 = Debug|Any CPU
		{775503CF-E729-4DF6-9B8D-F00EC8A814A9}.Release|Any CPU.ActiveCfg = Release|Any CPU
		{775503CF-E729-4DF6-9B8D-F00EC8A814A9}.Release|Any CPU.Build.0 = Release|Any CPU
		{08CA5BC6-B8BF-4758-8E91-DC44B1F204A7}.Debug|Any CPU.ActiveCfg = Debug|Any CPU
		{08CA5BC6-B8BF-4758-8E91-DC44B1F204A7}.Debug|Any CPU.Build.0 = Debug|Any CPU
		{08CA5BC6-B8BF-4758-8E91-DC44B1F204A7}.Release|Any CPU.ActiveCfg = Release|Any CPU
		{08CA5BC6-B8BF-4758-8E91-DC44B1F204A7}.Release|Any CPU.Build.0 = Release|Any CPU
		{68703370-6354-4FE8-8BA0-44026CE133D2}.Debug|Any CPU.ActiveCfg = Debug|Any CPU
		{68703370-6354-4FE8-8BA0-44026CE133D2}.Debug|Any CPU.Build.0 = Debug|Any CPU
		{68703370-6354-4FE8-8BA0-44026CE133D2}.Release|Any CPU.ActiveCfg = Release|Any CPU
		{68703370-6354-4FE8-8BA0-44026CE133D2}.Release|Any CPU.Build.0 = Release|Any CPU
		{CE699A99-1FB4-4593-B479-83BA63CAF078}.Debug|Any CPU.ActiveCfg = Debug|Any CPU
		{CE699A99-1FB4-4593-B479-83BA63CAF078}.Debug|Any CPU.Build.0 = Debug|Any CPU
		{CE699A99-1FB4-4593-B479-83BA63CAF078}.Release|Any CPU.ActiveCfg = Release|Any CPU
		{CE699A99-1FB4-4593-B479-83BA63CAF078}.Release|Any CPU.Build.0 = Release|Any CPU
	EndGlobalSection
	GlobalSection(SolutionProperties) = preSolution
		HideSolutionNode = FALSE
	EndGlobalSection
	GlobalSection(ExtensibilityGlobals) = postSolution
		SolutionGuid = {038A539F-E19E-49C6-9B10-AD12F4C4C3E5}
	EndGlobalSection
EndGlobal
